
Microsoft Visual Studio Solution File, Format Version 12.00
# Visual Studio 2013
VisualStudioVersion = 12.0.21005.1
MinimumVisualStudioVersion = 10.0.40219.1
Project("{2150E333-8FDC-42A3-9474-1A3956D46DE8}") = "Feeder", "Feeder", "{2FD39F2D-913A-452D-A137-4F023AE76B53}"
EndProject
Project("{FAE04EC0-301F-11D3-BF4B-00C04F79EFBC}") = "StockInterface", "FeederInterface\StockInterface.csproj", "{0E0D400A-A3FC-400B-BAF2-53D660BA152F}"
EndProject
Project("{FAE04EC0-301F-11D3-BF4B-00C04F79EFBC}") = "StockModel", "FeederModel\StockModel.csproj", "{404A4600-7094-4568-AE20-41F171B5F98A}"
EndProject
Project("{2150E333-8FDC-42A3-9474-1A3956D46DE8}") = "Web", "Web", "{8BCB6E36-3DBC-4F99-A512-4587FBE341A3}"
EndProject
Project("{FAE04EC0-301F-11D3-BF4B-00C04F79EFBC}") = "DashBoard", "DashBoard\DashBoard.csproj", "{0940815D-C861-44DF-BF31-5DB603508AC3}"
EndProject
Project("{2150E333-8FDC-42A3-9474-1A3956D46DE8}") = "Model", "Model", "{6F9DFAE0-E5BE-4BEA-9D7D-D388F51736F6}"
EndProject
Project("{2150E333-8FDC-42A3-9474-1A3956D46DE8}") = "Interface", "Interface", "{7A1CDF4E-9403-4C74-9007-75D520BDD1FC}"
EndProject
Project("{2150E333-8FDC-42A3-9474-1A3956D46DE8}") = "Services", "Services", "{8682C48F-30BF-4307-9A7D-4935C59FF484}"
EndProject
Project("{FAE04EC0-301F-11D3-BF4B-00C04F79EFBC}") = "StockServices", "StockServices\StockServices.csproj", "{DA76C3D5-99E2-46BD-B09B-66B06E65DCBD}"
EndProject
Project("{FAE04EC0-301F-11D3-BF4B-00C04F79EFBC}") = "StockDataServices", "StockDataServices\StockDataServices.csproj", "{04747988-9C7B-4898-AE62-655671408625}"
EndProject
Project("{FAE04EC0-301F-11D3-BF4B-00C04F79EFBC}") = "FakeMarket", "FakeMarket\FakeMarket.csproj", "{BC18EF55-86CF-40EB-B9F7-95AF13BF08A3}"
EndProject
Project("{FAE04EC0-301F-11D3-BF4B-00C04F79EFBC}") = "StockFeeder", "StockFeeder\StockFeeder.csproj", "{BEB15E40-99C2-4599-8AB9-33635481125B}"
EndProject
Project("{FAE04EC0-301F-11D3-BF4B-00C04F79EFBC}") = "StockServicesTests", "StockServicesTests\StockServicesTests.csproj", "{39C7E63B-00E1-4F8E-A084-6E4D96FFAF8A}"
EndProject
Project("{FAE04EC0-301F-11D3-BF4B-00C04F79EFBC}") = "SignalRChart.Web", "SignalRChart.Web\SignalRChart.Web.csproj", "{119115D8-8B29-45E7-B6F2-C50C3CA654B8}"
EndProject
Project("{FAE04EC0-301F-11D3-BF4B-00C04F79EFBC}") = "StockDataFeeder", "StockDataFeeder\StockDataFeeder.csproj", "{172D2249-CAFC-482F-87F3-C51F703A1A72}"
EndProject
Global
	GlobalSection(SolutionConfigurationPlatforms) = preSolution
		Debug|Any CPU = Debug|Any CPU
		Release|Any CPU = Release|Any CPU
	EndGlobalSection
	GlobalSection(ProjectConfigurationPlatforms) = postSolution
		{0E0D400A-A3FC-400B-BAF2-53D660BA152F}.Debug|Any CPU.ActiveCfg = Debug|Any CPU
		{0E0D400A-A3FC-400B-BAF2-53D660BA152F}.Debug|Any CPU.Build.0 = Debug|Any CPU
		{0E0D400A-A3FC-400B-BAF2-53D660BA152F}.Release|Any CPU.ActiveCfg = Release|Any CPU
		{0E0D400A-A3FC-400B-BAF2-53D660BA152F}.Release|Any CPU.Build.0 = Release|Any CPU
		{404A4600-7094-4568-AE20-41F171B5F98A}.Debug|Any CPU.ActiveCfg = Debug|Any CPU
		{404A4600-7094-4568-AE20-41F171B5F98A}.Debug|Any CPU.Build.0 = Debug|Any CPU
		{404A4600-7094-4568-AE20-41F171B5F98A}.Release|Any CPU.ActiveCfg = Release|Any CPU
		{404A4600-7094-4568-AE20-41F171B5F98A}.Release|Any CPU.Build.0 = Release|Any CPU
		{0940815D-C861-44DF-BF31-5DB603508AC3}.Debug|Any CPU.ActiveCfg = Debug|Any CPU
		{0940815D-C861-44DF-BF31-5DB603508AC3}.Debug|Any CPU.Build.0 = Debug|Any CPU
		{0940815D-C861-44DF-BF31-5DB603508AC3}.Release|Any CPU.ActiveCfg = Release|Any CPU
		{0940815D-C861-44DF-BF31-5DB603508AC3}.Release|Any CPU.Build.0 = Release|Any CPU
		{DA76C3D5-99E2-46BD-B09B-66B06E65DCBD}.Debug|Any CPU.ActiveCfg = Debug|Any CPU
		{DA76C3D5-99E2-46BD-B09B-66B06E65DCBD}.Debug|Any CPU.Build.0 = Debug|Any CPU
		{DA76C3D5-99E2-46BD-B09B-66B06E65DCBD}.Release|Any CPU.ActiveCfg = Release|Any CPU
		{DA76C3D5-99E2-46BD-B09B-66B06E65DCBD}.Release|Any CPU.Build.0 = Release|Any CPU
		{04747988-9C7B-4898-AE62-655671408625}.Debug|Any CPU.ActiveCfg = Debug|Any CPU
		{04747988-9C7B-4898-AE62-655671408625}.Debug|Any CPU.Build.0 = Debug|Any CPU
		{04747988-9C7B-4898-AE62-655671408625}.Release|Any CPU.ActiveCfg = Release|Any CPU
		{04747988-9C7B-4898-AE62-655671408625}.Release|Any CPU.Build.0 = Release|Any CPU
		{BC18EF55-86CF-40EB-B9F7-95AF13BF08A3}.Debug|Any CPU.ActiveCfg = Debug|Any CPU
		{BC18EF55-86CF-40EB-B9F7-95AF13BF08A3}.Debug|Any CPU.Build.0 = Debug|Any CPU
		{BC18EF55-86CF-40EB-B9F7-95AF13BF08A3}.Release|Any CPU.ActiveCfg = Release|Any CPU
		{BC18EF55-86CF-40EB-B9F7-95AF13BF08A3}.Release|Any CPU.Build.0 = Release|Any CPU
		{BEB15E40-99C2-4599-8AB9-33635481125B}.Debug|Any CPU.ActiveCfg = Debug|Any CPU
		{BEB15E40-99C2-4599-8AB9-33635481125B}.Debug|Any CPU.Build.0 = Debug|Any CPU
		{BEB15E40-99C2-4599-8AB9-33635481125B}.Release|Any CPU.ActiveCfg = Release|Any CPU
		{BEB15E40-99C2-4599-8AB9-33635481125B}.Release|Any CPU.Build.0 = Release|Any CPU
		{39C7E63B-00E1-4F8E-A084-6E4D96FFAF8A}.Debug|Any CPU.ActiveCfg = Debug|Any CPU
		{39C7E63B-00E1-4F8E-A084-6E4D96FFAF8A}.Debug|Any CPU.Build.0 = Debug|Any CPU
		{39C7E63B-00E1-4F8E-A084-6E4D96FFAF8A}.Release|Any CPU.ActiveCfg = Release|Any CPU
		{39C7E63B-00E1-4F8E-A084-6E4D96FFAF8A}.Release|Any CPU.Build.0 = Release|Any CPU
		{119115D8-8B29-45E7-B6F2-C50C3CA654B8}.Debug|Any CPU.ActiveCfg = Debug|Any CPU
		{119115D8-8B29-45E7-B6F2-C50C3CA654B8}.Debug|Any CPU.Build.0 = Debug|Any CPU
		{119115D8-8B29-45E7-B6F2-C50C3CA654B8}.Release|Any CPU.ActiveCfg = Release|Any CPU
		{119115D8-8B29-45E7-B6F2-C50C3CA654B8}.Release|Any CPU.Build.0 = Release|Any CPU
		{172D2249-CAFC-482F-87F3-C51F703A1A72}.Debug|Any CPU.ActiveCfg = Debug|Any CPU
		{172D2249-CAFC-482F-87F3-C51F703A1A72}.Debug|Any CPU.Build.0 = Debug|Any CPU
		{172D2249-CAFC-482F-87F3-C51F703A1A72}.Release|Any CPU.ActiveCfg = Release|Any CPU
		{172D2249-CAFC-482F-87F3-C51F703A1A72}.Release|Any CPU.Build.0 = Release|Any CPU
	EndGlobalSection
	GlobalSection(SolutionProperties) = preSolution
		HideSolutionNode = FALSE
	EndGlobalSection
	GlobalSection(NestedProjects) = preSolution
		{BEB15E40-99C2-4599-8AB9-33635481125B} = {2FD39F2D-913A-452D-A137-4F023AE76B53}
		{172D2249-CAFC-482F-87F3-C51F703A1A72} = {2FD39F2D-913A-452D-A137-4F023AE76B53}
		{0E0D400A-A3FC-400B-BAF2-53D660BA152F} = {7A1CDF4E-9403-4C74-9007-75D520BDD1FC}
		{404A4600-7094-4568-AE20-41F171B5F98A} = {6F9DFAE0-E5BE-4BEA-9D7D-D388F51736F6}
		{0940815D-C861-44DF-BF31-5DB603508AC3} = {8BCB6E36-3DBC-4F99-A512-4587FBE341A3}
		{BC18EF55-86CF-40EB-B9F7-95AF13BF08A3} = {8BCB6E36-3DBC-4F99-A512-4587FBE341A3}
		{119115D8-8B29-45E7-B6F2-C50C3CA654B8} = {8BCB6E36-3DBC-4F99-A512-4587FBE341A3}
		{DA76C3D5-99E2-46BD-B09B-66B06E65DCBD} = {8682C48F-30BF-4307-9A7D-4935C59FF484}
		{04747988-9C7B-4898-AE62-655671408625} = {8682C48F-30BF-4307-9A7D-4935C59FF484}
		{39C7E63B-00E1-4F8E-A084-6E4D96FFAF8A} = {8682C48F-30BF-4307-9A7D-4935C59FF484}
	EndGlobalSection
EndGlobal
